
Microsoft Visual Studio Solution File, Format Version 12.00
# Visual Studio Version 17
VisualStudioVersion = 17.13.35825.156 d17.13
MinimumVisualStudioVersion = 10.0.40219.1
Project("{888888A0-9F3D-457C-B088-3A5042F75D52}") = "work4", "work4\work4.pyproj", "{DAA8E476-FC98-4161-ABBF-D1752539522E}"
EndProject
Global
	GlobalSection(SolutionConfigurationPlatforms) = preSolution
		Debug|Any CPU = Debug|Any CPU
		Release|Any CPU = Release|Any CPU
	EndGlobalSection
	GlobalSection(ProjectConfigurationPlatforms) = postSolution
		{DAA8E476-FC98-4161-ABBF-D1752539522E}.Debug|Any CPU.ActiveCfg = Debug|Any CPU
		{DAA8E476-FC98-4161-ABBF-D1752539522E}.Release|Any CPU.ActiveCfg = Release|Any CPU
	EndGlobalSection
	GlobalSection(SolutionProperties) = preSolution
		HideSolutionNode = FALSE
	EndGlobalSection
	GlobalSection(ExtensibilityGlobals) = postSolution
		SolutionGuid = {76666D0A-E910-480D-8A40-13E5B87365A3}
	EndGlobalSection
EndGlobal
